// !$*UTF8*$!
{
	archiveVersion = 1;
	classes = {
	};
	objectVersion = 50;
	objects = {

/* Begin PBXBuildFile section */
		BD4F87DC217BEF3F00DEFC48 /* BaseScreenViewController.swift in Sources */ = {isa = PBXBuildFile; fileRef = BD4F87DB217BEF3F00DEFC48 /* BaseScreenViewController.swift */; };
		BD4F87DF217E75F500DEFC48 /* MenuHeaderView.swift in Sources */ = {isa = PBXBuildFile; fileRef = BD4F87DE217E75F500DEFC48 /* MenuHeaderView.swift */; };
		BDC499C121778FAF00297DDB /* AppDelegate.swift in Sources */ = {isa = PBXBuildFile; fileRef = BDC499C021778FAF00297DDB /* AppDelegate.swift */; };
		BDC499C321778FAF00297DDB /* HomeController.swift in Sources */ = {isa = PBXBuildFile; fileRef = BDC499C221778FAF00297DDB /* HomeController.swift */; };
		BDC499C621778FAF00297DDB /* Main.storyboard in Resources */ = {isa = PBXBuildFile; fileRef = BDC499C421778FAF00297DDB /* Main.storyboard */; };
		BDC499C821778FB300297DDB /* Assets.xcassets in Resources */ = {isa = PBXBuildFile; fileRef = BDC499C721778FB300297DDB /* Assets.xcassets */; };
		BDC499CB21778FB300297DDB /* LaunchScreen.storyboard in Resources */ = {isa = PBXBuildFile; fileRef = BDC499C921778FB300297DDB /* LaunchScreen.storyboard */; };
		BDC499D421779D5D00297DDB /* MenuController.swift in Sources */ = {isa = PBXBuildFile; fileRef = BDC499D321779D5D00297DDB /* MenuController.swift */; };
/* End PBXBuildFile section */

/* Begin PBXFileReference section */
		BD4F87DB217BEF3F00DEFC48 /* BaseScreenViewController.swift */ = {isa = PBXFileReference; lastKnownFileType = sourcecode.swift; path = BaseScreenViewController.swift; sourceTree = "<group>"; };
		BD4F87DE217E75F500DEFC48 /* MenuHeaderView.swift */ = {isa = PBXFileReference; lastKnownFileType = sourcecode.swift; path = MenuHeaderView.swift; sourceTree = "<group>"; };
		BDC499BD21778FAF00297DDB /* Slide Out Menu.app */ = {isa = PBXFileReference; explicitFileType = wrapper.application; includeInIndex = 0; path = "Slide Out Menu.app"; sourceTree = BUILT_PRODUCTS_DIR; };
		BDC499C021778FAF00297DDB /* AppDelegate.swift */ = {isa = PBXFileReference; lastKnownFileType = sourcecode.swift; path = AppDelegate.swift; sourceTree = "<group>"; };
		BDC499C221778FAF00297DDB /* HomeController.swift */ = {isa = PBXFileReference; lastKnownFileType = sourcecode.swift; path = HomeController.swift; sourceTree = "<group>"; };
		BDC499C521778FAF00297DDB /* Base */ = {isa = PBXFileReference; lastKnownFileType = file.storyboard; name = Base; path = Base.lproj/Main.storyboard; sourceTree = "<group>"; };
		BDC499C721778FB300297DDB /* Assets.xcassets */ = {isa = PBXFileReference; lastKnownFileType = folder.assetcatalog; path = Assets.xcassets; sourceTree = "<group>"; };
		BDC499CA21778FB300297DDB /* Base */ = {isa = PBXFileReference; lastKnownFileType = file.storyboard; name = Base; path = Base.lproj/LaunchScreen.storyboard; sourceTree = "<group>"; };
		BDC499CC21778FB300297DDB /* Info.plist */ = {isa = PBXFileReference; lastKnownFileType = text.plist.xml; path = Info.plist; sourceTree = "<group>"; };
		BDC499D321779D5D00297DDB /* MenuController.swift */ = {isa = PBXFileReference; lastKnownFileType = sourcecode.swift; path = MenuController.swift; sourceTree = "<group>"; };
/* End PBXFileReference section */

/* Begin PBXFrameworksBuildPhase section */
		BDC499BA21778FAF00297DDB /* Frameworks */ = {
			isa = PBXFrameworksBuildPhase;
			buildActionMask = 2147483647;
			files = (
			);
			runOnlyForDeploymentPostprocessing = 0;
		};
/* End PBXFrameworksBuildPhase section */

/* Begin PBXGroup section */
		BD4F87DD217E75C800DEFC48 /* Base Screen */ = {
			isa = PBXGroup;
			children = (
				BD4F87DB217BEF3F00DEFC48 /* BaseScreenViewController.swift */,
				BD4F87DE217E75F500DEFC48 /* MenuHeaderView.swift */,
			);
			path = "Base Screen";
			sourceTree = "<group>";
		};
		BDC499B421778FAF00297DDB = {
			isa = PBXGroup;
			children = (
				BDC499BF21778FAF00297DDB /* Slide Out Menu */,
				BDC499BE21778FAF00297DDB /* Products */,
			);
			sourceTree = "<group>";
		};
		BDC499BE21778FAF00297DDB /* Products */ = {
			isa = PBXGroup;
			children = (
				BDC499BD21778FAF00297DDB /* Slide Out Menu.app */,
			);
			name = Products;
			sourceTree = "<group>";
		};
		BDC499BF21778FAF00297DDB /* Slide Out Menu */ = {
			isa = PBXGroup;
			children = (
				BDC499D221779D4A00297DDB /* Controllers */,
				BDC499C021778FAF00297DDB /* AppDelegate.swift */,
				BDC499C421778FAF00297DDB /* Main.storyboard */,
				BDC499C721778FB300297DDB /* Assets.xcassets */,
				BDC499C921778FB300297DDB /* LaunchScreen.storyboard */,
				BDC499CC21778FB300297DDB /* Info.plist */,
			);
			path = "Slide Out Menu";
			sourceTree = "<group>";
		};
		BDC499D221779D4A00297DDB /* Controllers */ = {
			isa = PBXGroup;
			children = (
				BD4F87DD217E75C800DEFC48 /* Base Screen */,
				BDC499C221778FAF00297DDB /* HomeController.swift */,
				BDC499D321779D5D00297DDB /* MenuController.swift */,
			);
			path = Controllers;
			sourceTree = "<group>";
		};
/* End PBXGroup section */

/* Begin PBXNativeTarget section */
		BDC499BC21778FAF00297DDB /* Slide Out Menu */ = {
			isa = PBXNativeTarget;
			buildConfigurationList = BDC499CF21778FB300297DDB /* Build configuration list for PBXNativeTarget "Slide Out Menu" */;
			buildPhases = (
				BDC499B921778FAF00297DDB /* Sources */,
				BDC499BA21778FAF00297DDB /* Frameworks */,
				BDC499BB21778FAF00297DDB /* Resources */,
			);
			buildRules = (
			);
			dependencies = (
			);
			name = "Slide Out Menu";
			productName = "Slide Out Menu";
			productReference = BDC499BD21778FAF00297DDB /* Slide Out Menu.app */;
			productType = "com.apple.product-type.application";
		};
/* End PBXNativeTarget section */

/* Begin PBXProject section */
		BDC499B521778FAF00297DDB /* Project object */ = {
			isa = PBXProject;
			attributes = {
				LastSwiftUpdateCheck = 1000;
				LastUpgradeCheck = 1000;
				ORGANIZATIONNAME = "Viswa Kodela";
				TargetAttributes = {
					BDC499BC21778FAF00297DDB = {
						CreatedOnToolsVersion = 10.0;
					};
				};
			};
			buildConfigurationList = BDC499B821778FAF00297DDB /* Build configuration list for PBXProject "Slide Out Menu" */;
			compatibilityVersion = "Xcode 9.3";
			developmentRegion = en;
			hasScannedForEncodings = 0;
			knownRegions = (
				en,
				Base,
			);
			mainGroup = BDC499B421778FAF00297DDB;
			productRefGroup = BDC499BE21778FAF00297DDB /* Products */;
			projectDirPath = "";
			projectRoot = "";
			targets = (
				BDC499BC21778FAF00297DDB /* Slide Out Menu */,
			);
		};
/* End PBXProject section */

/* Begin PBXResourcesBuildPhase section */
		BDC499BB21778FAF00297DDB /* Resources */ = {
			isa = PBXResourcesBuildPhase;
			buildActionMask = 2147483647;
			files = (
				BDC499CB21778FB300297DDB /* LaunchScreen.storyboard in Resources */,
				BDC499C821778FB300297DDB /* Assets.xcassets in Resources */,
				BDC499C621778FAF00297DDB /* Main.storyboard in Resources */,
			);
			runOnlyForDeploymentPostprocessing = 0;
		};
/* End PBXResourcesBuildPhase section */

/* Begin PBXSourcesBuildPhase section */
		BDC499B921778FAF00297DDB /* Sources */ = {
			isa = PBXSourcesBuildPhase;
			buildActionMask = 2147483647;
			files = (
				BDC499C321778FAF00297DDB /* HomeController.swift in Sources */,
				BDC499D421779D5D00297DDB /* MenuController.swift in Sources */,
				BD4F87DF217E75F500DEFC48 /* MenuHeaderView.swift in Sources */,
				BDC499C121778FAF00297DDB /* AppDelegate.swift in Sources */,
				BD4F87DC217BEF3F00DEFC48 /* BaseScreenViewController.swift in Sources */,
			);
			runOnlyForDeploymentPostprocessing = 0;
		};
/* End PBXSourcesBuildPhase section */

/* Begin PBXVariantGroup section */
		BDC499C421778FAF00297DDB /* Main.storyboard */ = {
			isa = PBXVariantGroup;
			children = (
				BDC499C521778FAF00297DDB /* Base */,
			);
			name = Main.storyboard;
			sourceTree = "<group>";
		};
		BDC499C921778FB300297DDB /* LaunchScreen.storyboard */ = {
			isa = PBXVariantGroup;
			children = (
				BDC499CA21778FB300297DDB /* Base */,
			);
			name = LaunchScreen.storyboard;
			sourceTree = "<group>";
		};
/* End PBXVariantGroup section */

/* Begin XCBuildConfiguration section */
		BDC499CD21778FB300297DDB /* Debug */ = {
			isa = XCBuildConfiguration;
			buildSettings = {
				ALWAYS_SEARCH_USER_PATHS = NO;
				CLANG_ANALYZER_NONNULL = YES;
				CLANG_ANALYZER_NUMBER_OBJECT_CONVERSION = YES_AGGRESSIVE;
				CLANG_CXX_LANGUAGE_STANDARD = "gnu++14";
				CLANG_CXX_LIBRARY = "libc++";
				CLANG_ENABLE_MODULES = YES;
				CLANG_ENABLE_OBJC_ARC = YES;
				CLANG_ENABLE_OBJC_WEAK = YES;
				CLANG_WARN_BLOCK_CAPTURE_AUTORELEASING = YES;
				CLANG_WARN_BOOL_CONVERSION = YES;
				CLANG_WARN_COMMA = YES;
				CLANG_WARN_CONSTANT_CONVERSION = YES;
				CLANG_WARN_DEPRECATED_OBJC_IMPLEMENTATIONS = YES;
				CLANG_WARN_DIRECT_OBJC_ISA_USAGE = YES_ERROR;
				CLANG_WARN_DOCUMENTATION_COMMENTS = YES;
				CLANG_WARN_EMPTY_BODY = YES;
				CLANG_WARN_ENUM_CONVERSION = YES;
				CLANG_WARN_INFINITE_RECURSION = YES;
				CLANG_WARN_INT_CONVERSION = YES;
				CLANG_WARN_NON_LITERAL_NULL_CONVERSION = YES;
				CLANG_WARN_OBJC_IMPLICIT_RETAIN_SELF = YES;
				CLANG_WARN_OBJC_LITERAL_CONVERSION = YES;
				CLANG_WARN_OBJC_ROOT_CLASS = YES_ERROR;
				CLANG_WARN_RANGE_LOOP_ANALYSIS = YES;
				CLANG_WARN_STRICT_PROTOTYPES = YES;
				CLANG_WARN_SUSPICIOUS_MOVE = YES;
				CLANG_WARN_UNGUARDED_AVAILABILITY = YES_AGGRESSIVE;
				CLANG_WARN_UNREACHABLE_CODE = YES;
				CLANG_WARN__DUPLICATE_METHOD_MATCH = YES;
				CODE_SIGN_IDENTITY = "iPhone Developer";
				COPY_PHASE_STRIP = NO;
				DEBUG_INFORMATION_FORMAT = dwarf;
				ENABLE_STRICT_OBJC_MSGSEND = YES;
				ENABLE_TESTABILITY = YES;
				GCC_C_LANGUAGE_STANDARD = gnu11;
				GCC_DYNAMIC_NO_PIC = NO;
				GCC_NO_COMMON_BLOCKS = YES;
				GCC_OPTIMIZATION_LEVEL = 0;
				GCC_PREPROCESSOR_DEFINITIONS = (
					"DEBUG=1",
					"$(inherited)",
				);
				GCC_WARN_64_TO_32_BIT_CONVERSION = YES;
				GCC_WARN_ABOUT_RETURN_TYPE = YES_ERROR;
				GCC_WARN_UNDECLARED_SELECTOR = YES;
				GCC_WARN_UNINITIALIZED_AUTOS = YES_AGGRESSIVE;
				GCC_WARN_UNUSED_FUNCTION = YES;
				GCC_WARN_UNUSED_VARIABLE = YES;
				IPHONEOS_DEPLOYMENT_TARGET = 12.0;
				MTL_ENABLE_DEBUG_INFO = INCLUDE_SOURCE;
				MTL_FAST_MATH = YES;
				ONLY_ACTIVE_ARCH = YES;
				SDKROOT = iphoneos;
				SWIFT_ACTIVE_COMPILATION_CONDITIONS = DEBUG;
				SWIFT_OPTIMIZATION_LEVEL = "-Onone";
			};
			name = Debug;
		};
		BDC499CE21778FB300297DDB /* Release */ = {
			isa = XCBuildConfiguration;
			buildSettings = {
				ALWAYS_SEARCH_USER_PATHS = NO;
				CLANG_ANALYZER_NONNULL = YES;
				CLANG_ANALYZER_NUMBER_OBJECT_CONVERSION = YES_AGGRESSIVE;
				CLANG_CXX_LANGUAGE_STANDARD = "gnu++14";
				CLANG_CXX_LIBRARY = "libc++";
				CLANG_ENABLE_MODULES = YES;
				CLANG_ENABLE_OBJC_ARC = YES;
				CLANG_ENABLE_OBJC_WEAK = YES;
				CLANG_WARN_BLOCK_CAPTURE_AUTORELEASING = YES;
				CLANG_WARN_BOOL_CONVERSION = YES;
				CLANG_WARN_COMMA = YES;
				CLANG_WARN_CONSTANT_CONVERSION = YES;
				CLANG_WARN_DEPRECATED_OBJC_IMPLEMENTATIONS = YES;
				CLANG_WARN_DIRECT_OBJC_ISA_USAGE = YES_ERROR;
				CLANG_WARN_DOCUMENTATION_COMMENTS = YES;
				CLANG_WARN_EMPTY_BODY = YES;
				CLANG_WARN_ENUM_CONVERSION = YES;
				CLANG_WARN_INFINITE_RECURSION = YES;
				CLANG_WARN_INT_CONVERSION = YES;
				CLANG_WARN_NON_LITERAL_NULL_CONVERSION = YES;
				CLANG_WARN_OBJC_IMPLICIT_RETAIN_SELF = YES;
				CLANG_WARN_OBJC_LITERAL_CONVERSION = YES;
				CLANG_WARN_OBJC_ROOT_CLASS = YES_ERROR;
				CLANG_WARN_RANGE_LOOP_ANALYSIS = YES;
				CLANG_WARN_STRICT_PROTOTYPES = YES;
				CLANG_WARN_SUSPICIOUS_MOVE = YES;
				CLANG_WARN_UNGUARDED_AVAILABILITY = YES_AGGRESSIVE;
				CLANG_WARN_UNREACHABLE_CODE = YES;
				CLANG_WARN__DUPLICATE_METHOD_MATCH = YES;
				CODE_SIGN_IDENTITY = "iPhone Developer";
				COPY_PHASE_STRIP = NO;
				DEBUG_INFORMATION_FORMAT = "dwarf-with-dsym";
				ENABLE_NS_ASSERTIONS = NO;
				ENABLE_STRICT_OBJC_MSGSEND = YES;
				GCC_C_LANGUAGE_STANDARD = gnu11;
				GCC_NO_COMMON_BLOCKS = YES;
				GCC_WARN_64_TO_32_BIT_CONVERSION = YES;
				GCC_WARN_ABOUT_RETURN_TYPE = YES_ERROR;
				GCC_WARN_UNDECLARED_SELECTOR = YES;
				GCC_WARN_UNINITIALIZED_AUTOS = YES_AGGRESSIVE;
				GCC_WARN_UNUSED_FUNCTION = YES;
				GCC_WARN_UNUSED_VARIABLE = YES;
				IPHONEOS_DEPLOYMENT_TARGET = 12.0;
				MTL_ENABLE_DEBUG_INFO = NO;
				MTL_FAST_MATH = YES;
				SDKROOT = iphoneos;
				SWIFT_COMPILATION_MODE = wholemodule;
				SWIFT_OPTIMIZATION_LEVEL = "-O";
				VALIDATE_PRODUCT = YES;
			};
			name = Release;
		};
		BDC499D021778FB300297DDB /* Debug */ = {
			isa = XCBuildConfiguration;
			buildSettings = {
				ASSETCATALOG_COMPILER_APPICON_NAME = AppIcon;
				CODE_SIGN_STYLE = Automatic;
				DEVELOPMENT_TEAM = SFNG7GVEK8;
				INFOPLIST_FILE = "Slide Out Menu/Info.plist";
				LD_RUNPATH_SEARCH_PATHS = (
					"$(inherited)",
					"@executable_path/Frameworks",
				);
				PRODUCT_BUNDLE_IDENTIFIER = "com.viswakodela.Slide-Out-Menu";
				PRODUCT_NAME = "$(TARGET_NAME)";
				SWIFT_VERSION = 4.2;
				TARGETED_DEVICE_FAMILY = "1,2";
			};
			name = Debug;
		};
		BDC499D121778FB300297DDB /* Release */ = {
			isa = XCBuildConfiguration;
			buildSettings = {
				ASSETCATALOG_COMPILER_APPICON_NAME = AppIcon;
				CODE_SIGN_STYLE = Automatic;
				DEVELOPMENT_TEAM = SFNG7GVEK8;
				INFOPLIST_FILE = "Slide Out Menu/Info.plist";
				LD_RUNPATH_SEARCH_PATHS = (
					"$(inherited)",
					"@executable_path/Frameworks",
				);
				PRODUCT_BUNDLE_IDENTIFIER = "com.viswakodela.Slide-Out-Menu";
				PRODUCT_NAME = "$(TARGET_NAME)";
				SWIFT_VERSION = 4.2;
				TARGETED_DEVICE_FAMILY = "1,2";
			};
			name = Release;
		};
/* End XCBuildConfiguration section */

/* Begin XCConfigurationList section */
		BDC499B821778FAF00297DDB /* Build configuration list for PBXProject "Slide Out Menu" */ = {
			isa = XCConfigurationList;
			buildConfigurations = (
				BDC499CD21778FB300297DDB /* Debug */,
				BDC499CE21778FB300297DDB /* Release */,
			);
			defaultConfigurationIsVisible = 0;
			defaultConfigurationName = Release;
		};
		BDC499CF21778FB300297DDB /* Build configuration list for PBXNativeTarget "Slide Out Menu" */ = {
			isa = XCConfigurationList;
			buildConfigurations = (
				BDC499D021778FB300297DDB /* Debug */,
				BDC499D121778FB300297DDB /* Release */,
			);
			defaultConfigurationIsVisible = 0;
			defaultConfigurationName = Release;
		};
/* End XCConfigurationList section */
	};
	rootObject = BDC499B521778FAF00297DDB /* Project object */;
}
